
Microsoft Visual Studio Solution File, Format Version 12.00
# Visual Studio Version 17
VisualStudioVersion = 17.9.34622.214
MinimumVisualStudioVersion = 10.0.40219.1
Project("{FAE04EC0-301F-11D3-BF4B-00C04F79EFBC}") = "AnimalsRace", "AnimalsRace\AnimalsRace.csproj", "{977F53B7-F76D-4CE4-AEC6-9FB4A795D7E7}"
EndProject
Global
	GlobalSection(SolutionConfigurationPlatforms) = preSolution
		Debug|Any CPU = Debug|Any CPU
		Release|Any CPU = Release|Any CPU
	EndGlobalSection
	GlobalSection(ProjectConfigurationPlatforms) = postSolution
		{977F53B7-F76D-4CE4-AEC6-9FB4A795D7E7}.Debug|Any CPU.ActiveCfg = Debug|Any CPU
		{977F53B7-F76D-4CE4-AEC6-9FB4A795D7E7}.Debug|Any CPU.Build.0 = Debug|Any CPU
		{977F53B7-F76D-4CE4-AEC6-9FB4A795D7E7}.Release|Any CPU.ActiveCfg = Release|Any CPU
		{977F53B7-F76D-4CE4-AEC6-9FB4A795D7E7}.Release|Any CPU.Build.0 = Release|Any CPU
	EndGlobalSection
	GlobalSection(SolutionProperties) = preSolution
		HideSolutionNode = FALSE
	EndGlobalSection
	GlobalSection(ExtensibilityGlobals) = postSolution
		SolutionGuid = {71850E08-AF62-4A4E-998D-F002954A0F2B}
	EndGlobalSection
EndGlobal
